
Microsoft Visual Studio Solution File, Format Version 12.00
# Visual Studio Version 17
VisualStudioVersion = 17.6.33723.286
MinimumVisualStudioVersion = 10.0.40219.1
Project("{FAE04EC0-301F-11D3-BF4B-00C04F79EFBC}") = "JuanArangoApi", "JuanArangoApi\JuanArangoApi.csproj", "{326A782E-BC47-48B5-9456-75FB6F7D815C}"
EndProject
Global
	GlobalSection(SolutionConfigurationPlatforms) = preSolution
		Debug|Any CPU = Debug|Any CPU
		Release|Any CPU = Release|Any CPU
	EndGlobalSection
	GlobalSection(ProjectConfigurationPlatforms) = postSolution
		{326A782E-BC47-48B5-9456-75FB6F7D815C}.Debug|Any CPU.ActiveCfg = Debug|Any CPU
		{326A782E-BC47-48B5-9456-75FB6F7D815C}.Debug|Any CPU.Build.0 = Debug|Any CPU
		{326A782E-BC47-48B5-9456-75FB6F7D815C}.Release|Any CPU.ActiveCfg = Release|Any CPU
		{326A782E-BC47-48B5-9456-75FB6F7D815C}.Release|Any CPU.Build.0 = Release|Any CPU
	EndGlobalSection
	GlobalSection(SolutionProperties) = preSolution
		HideSolutionNode = FALSE
	EndGlobalSection
	GlobalSection(ExtensibilityGlobals) = postSolution
		SolutionGuid = {CCCE3FFC-A0FA-4D10-B86D-DD7FAA34A8E4}
	EndGlobalSection
EndGlobal
